PODS:
  - Alamofire (4.9.1)
  - AppAuth (1.4.0):
    - AppAuth/Core (= 1.4.0)
    - AppAuth/ExternalUserAgent (= 1.4.0)
  - AppAuth/Core (1.4.0)
  - AppAuth/ExternalUserAgent (1.4.0)
  - CarbonKit (2.3.1)
  - FlagPhoneNumber (0.8.0):
    - FlagPhoneNumber/libPhoneNumberiOS (= 0.8.0)
  - FlagPhoneNumber/libPhoneNumberiOS (0.8.0)
  - GoogleSignIn (6.0.1):
    - AppAuth (~> 1.4)
    - GTMAppAuth (~> 1.0)
    - GTMSessionFetcher/Core (~> 1.1)
  - GTMAppAuth (1.2.2):
    - AppAuth/Core (~> 1.4)
    - GTMSessionFetcher/Core (~> 1.5)
  - GTMSessionFetcher/Core (1.6.1)
  - IQKeyboardManagerSwift (6.5.6)
  - JVFloatLabeledTextField (1.2.2)
  - Kingfisher (7.1.1)
  - TOCropViewController (2.6.0)
  - TTGSnackbar (1.10.5)

DEPENDENCIES:
  - Alamofire
  - CarbonKit
  - FlagPhoneNumber
  - GoogleSignIn
  - IQKeyboardManagerSwift
  - JVFloatLabeledTextField
  - Kingfisher (~> 7.0)
  - TOCropViewController
  - TTGSnackbar

SPEC REPOS:
  trunk:
    - Alamofire
    - AppAuth
    - CarbonKit
    - FlagPhoneNumber
    - GoogleSignIn
    - GTMAppAuth
    - GTMSessionFetcher
    - IQKeyboardManagerSwift
    - JVFloatLabeledTextField
    - Kingfisher
    - TOCropViewController
    - TTGSnackbar

SPEC CHECKSUMS:
  Alamofire: 85e8a02c69d6020a0d734f6054870d7ecb75cf18
  AppAuth: 31bcec809a638d7bd2f86ea8a52bd45f6e81e7c7
  CarbonKit: b60e24dbdb47179990d5e074efa87ab819c8de98
  FlagPhoneNumber: 3712455b95f66cb0f2016fef7d9e34cddf8c7f9a
  GoogleSignIn: 1b0c4ec33a6fe282f4fa35d8ac64263230ddaf36
  GTMAppAuth: ad5c2b70b9a8689e1a04033c9369c4915bfcbe89
  GTMSessionFetcher: 36689134877faeb055b27dfa4ccc9ceaa42e029e
  IQKeyboardManagerSwift: c7df9d2deb356c04522f5c4b7b6e4ce4d8ed94fe
  JVFloatLabeledTextField: df48598472ee015701d509f43e59492a0d4ca208
  Kingfisher: f738f9c4a3415823b8e2985d10aa2d6a9f37bc4d
  TOCropViewController: 3105367e808b7d3d886a74ff59bf4804e7d3ab38
  TTGSnackbar: 2bd245d2bbf83639483410273fd936af0b7ba2a9

PODFILE CHECKSUM: c2a87c89bcc54e097460515dd287ac5f1b24e03f

COCOAPODS: 1.10.0
